<?xml version="1.0" encoding="utf-8"?>
<Project ToolsVersion="4.0" xmlns="http://schemas.microsoft.com/developer/msbuild/2003">
  <ItemGroup>
    <Filter Include="Core">
      <UniqueIdentifier>{4FC737F1-C7A5-4376-A066-2A32D752A2FF}</UniqueIdentifier>
      <Extensions>cpp;c;cc;cxx;c++;cppm;ixx;def;odl;idl;hpj;bat;asm;asmx</Extensions>
    </Filter>
    <Filter Include="Math">
      <UniqueIdentifier>{556ae346-a0d1-4f84-b09c-6dcb1dfdee70}</UniqueIdentifier>
    </Filter>
    <Filter Include="Renderer">
      <UniqueIdentifier>{b5e32dbd-4b48-4645-a98c-86f8f9523760}</UniqueIdentifier>
    </Filter>
    <Filter Include="Audio">
      <UniqueIdentifier>{61727b1d-1be5-4a1b-aac8-3777d2b308a4}</UniqueIdentifier>
    </Filter>
    <Filter Include="InputSystem">
      <UniqueIdentifier>{ebc67602-bda1-464f-977f-8c9a5e5e8740}</UniqueIdentifier>
    </Filter>
    <Filter Include="ThirdParty">
      <UniqueIdentifier>{c6ae9903-3de7-426c-be73-16dcb9d03ea6}</UniqueIdentifier>
    </Filter>
    <Filter Include="Physics">
      <UniqueIdentifier>{4b03b9a1-c166-4f2c-8dff-258658c92de8}</UniqueIdentifier>
    </Filter>
    <Filter Include="UI">
      <UniqueIdentifier>{a2c1d659-d512-4ed0-978b-0e018fac2602}</UniqueIdentifier>
    </Filter>
    <Filter Include="ThirdParty\FMod">
      <UniqueIdentifier>{76e7b3d4-8100-4f7f-ac03-0f27733c6a58}</UniqueIdentifier>
    </Filter>
    <Filter Include="ThirdParty\stb">
      <UniqueIdentifier>{989c8e61-e64a-4ee2-901d-c7c4f88920be}</UniqueIdentifier>
    </Filter>
    <Filter Include="ThirdParty\TinyXML">
      <UniqueIdentifier>{2f84a213-0b65-4f40-b7b7-b1a715842c03}</UniqueIdentifier>
    </Filter>
    <Filter Include="ThirdParty\ImGui">
      <UniqueIdentifier>{a0c4e680-d397-438e-ae7a-91acdde22b6c}</UniqueIdentifier>
    </Filter>
    <Filter Include="Net">
      <UniqueIdentifier>{2cdba494-9ac8-453d-a332-43ace598aab9}</UniqueIdentifier>
    </Filter>
    <Filter Include="Shaders">
      <UniqueIdentifier>{cc52f1a8-1e7c-40e8-830d-83203ee069d0}</UniqueIdentifier>
    </Filter>
  </ItemGroup>
  <ItemGroup>
    <ClCompile Include="Math\Vec2.cpp">
      <Filter>Math</Filter>
    </ClCompile>
    <ClCompile Include="Renderer\Camera.cpp">
      <Filter>Renderer</Filter>
    </ClCompile>
    <ClCompile Include="Renderer\Renderer.cpp">
      <Filter>Renderer</Filter>
    </ClCompile>
    <ClCompile Include="Math\Vec3.cpp">
      <Filter>Math</Filter>
    </ClCompile>
    <ClCompile Include="Core\Rgba8.cpp">
      <Filter>Core</Filter>
    </ClCompile>
    <ClCompile Include="Core\Vertex_PCU.cpp">
      <Filter>Core</Filter>
    </ClCompile>
    <ClCompile Include="Core\ErrorWarningAssert.cpp">
      <Filter>Core</Filter>
    </ClCompile>
    <ClCompile Include="Core\StringUtils.cpp">
      <Filter>Core</Filter>
    </ClCompile>
    <ClCompile Include="Core\VertexUtils.cpp">
      <Filter>Core</Filter>
    </ClCompile>
    <ClCompile Include="Core\Time.cpp">
      <Filter>Core</Filter>
    </ClCompile>
    <ClCompile Include="Math\AABB2.cpp">
      <Filter>Math</Filter>
    </ClCompile>
    <ClCompile Include="Math\MathUtils.cpp">
      <Filter>Math</Filter>
    </ClCompile>
    <ClCompile Include="Math\RandomNumberGenerator.cpp">
      <Filter>Math</Filter>
    </ClCompile>
    <ClCompile Include="Math\IntVec2.cpp">
      <Filter>Math</Filter>
    </ClCompile>
    <ClCompile Include="Input\XboxController.cpp">
      <Filter>InputSystem</Filter>
    </ClCompile>
    <ClCompile Include="Input\KeyButtonState.cpp">
      <Filter>InputSystem</Filter>
    </ClCompile>
    <ClCompile Include="Input\AnalogJoystick.cpp">
      <Filter>InputSystem</Filter>
    </ClCompile>
    <ClCompile Include="Input\InputSystem.cpp">
      <Filter>InputSystem</Filter>
    </ClCompile>
    <ClCompile Include="Audio\AudioSystem.cpp">
      <Filter>Audio</Filter>
    </ClCompile>
    <ClCompile Include="Renderer\SimpleTriangleFont.cpp">
      <Filter>Core</Filter>
    </ClCompile>
    <ClCompile Include="Core\Image.cpp">
      <Filter>Core</Filter>
    </ClCompile>
    <ClCompile Include="Core\XmlUtils.cpp">
      <Filter>Core</Filter>
    </ClCompile>
    <ClCompile Include="Core\NamedStrings.cpp">
      <Filter>Core</Filter>
    </ClCompile>
    <ClCompile Include="Core\EngineCommon.cpp">
      <Filter>Core</Filter>
    </ClCompile>
    <ClCompile Include="Core\HeatMaps.cpp">
      <Filter>Core</Filter>
    </ClCompile>
    <ClCompile Include="Core\EventSystem.cpp">
      <Filter>Core</Filter>
    </ClCompile>
    <ClCompile Include="Core\FileUtils.cpp">
      <Filter>Core</Filter>
    </ClCompile>
    <ClCompile Include="Core\Clock.cpp">
      <Filter>Core</Filter>
    </ClCompile>
    <ClCompile Include="Core\DevConsole.cpp">
      <Filter>Core</Filter>
    </ClCompile>
    <ClCompile Include="Core\Stopwatch.cpp">
      <Filter>Core</Filter>
    </ClCompile>
    <ClCompile Include="Core\DebugRenderSystem.cpp">
      <Filter>Core</Filter>
    </ClCompile>
    <ClCompile Include="Core\Vertex_PNCU.cpp">
      <Filter>Core</Filter>
    </ClCompile>
    <ClCompile Include="Core\STLUtils.cpp">
      <Filter>Core</Filter>
    </ClCompile>
    <ClCompile Include="Math\AABB3.cpp">
      <Filter>Math</Filter>
    </ClCompile>
    <ClCompile Include="Math\Capsule2.cpp">
      <Filter>Math</Filter>
    </ClCompile>
    <ClCompile Include="Math\EulerAngles.cpp">
      <Filter>Math</Filter>
    </ClCompile>
    <ClCompile Include="Math\FloatRange.cpp">
      <Filter>Math</Filter>
    </ClCompile>
    <ClCompile Include="Math\IntVec3.cpp">
      <Filter>Math</Filter>
    </ClCompile>
    <ClCompile Include="Math\IntRange.cpp">
      <Filter>Math</Filter>
    </ClCompile>
    <ClCompile Include="Math\LineSegment2.cpp">
      <Filter>Math</Filter>
    </ClCompile>
    <ClCompile Include="Math\Mat44.cpp">
      <Filter>Math</Filter>
    </ClCompile>
    <ClCompile Include="Math\OBB2.cpp">
      <Filter>Math</Filter>
    </ClCompile>
    <ClCompile Include="Math\RawNoise.cpp">
      <Filter>Math</Filter>
    </ClCompile>
    <ClCompile Include="Math\RaycastResult2D.cpp">
      <Filter>Math</Filter>
    </ClCompile>
    <ClCompile Include="Math\SmoothNoise.cpp">
      <Filter>Math</Filter>
    </ClCompile>
    <ClCompile Include="Math\Vec4.cpp">
      <Filter>Math</Filter>
    </ClCompile>
    <ClCompile Include="Math\CubicBezierCurve2D.cpp">
      <Filter>Math</Filter>
    </ClCompile>
    <ClCompile Include="Renderer\BitmapFont.cpp">
      <Filter>Renderer</Filter>
    </ClCompile>
    <ClCompile Include="Renderer\ConstantBuffer.cpp">
      <Filter>Renderer</Filter>
    </ClCompile>
    <ClCompile Include="Renderer\IndexBuffer.cpp">
      <Filter>Renderer</Filter>
    </ClCompile>
    <ClCompile Include="Renderer\Shader.cpp">
      <Filter>Renderer</Filter>
    </ClCompile>
    <ClCompile Include="Renderer\SpriteAnimDefinition.cpp">
      <Filter>Renderer</Filter>
    </ClCompile>
    <ClCompile Include="Renderer\SpriteDefinition.cpp">
      <Filter>Renderer</Filter>
    </ClCompile>
    <ClCompile Include="Renderer\SpriteSheet.cpp">
      <Filter>Renderer</Filter>
    </ClCompile>
    <ClCompile Include="Renderer\Texture.cpp">
      <Filter>Renderer</Filter>
    </ClCompile>
    <ClCompile Include="Renderer\VertexBuffer.cpp">
      <Filter>Renderer</Filter>
    </ClCompile>
    <ClCompile Include="Renderer\Window.cpp">
      <Filter>Renderer</Filter>
    </ClCompile>
    <ClCompile Include="Core\JobSystem.cpp">
      <Filter>Core</Filter>
    </ClCompile>
    <ClCompile Include="Core\Job.cpp">
      <Filter>Core</Filter>
    </ClCompile>
    <ClCompile Include="Physics\Rigidbody.cpp">
      <Filter>Physics</Filter>
    </ClCompile>
    <ClCompile Include="UI\Button.cpp">
      <Filter>UI</Filter>
    </ClCompile>
    <ClCompile Include="Core\OBJLoader.cpp">
      <Filter>Core</Filter>
    </ClCompile>
    <ClCompile Include="Renderer\GPUMesh.cpp">
      <Filter>Renderer</Filter>
    </ClCompile>
    <ClCompile Include="Renderer\CPUMesh.cpp">
      <Filter>Renderer</Filter>
    </ClCompile>
    <ClCompile Include="UI\ImGuiBase.cpp">
      <Filter>UI</Filter>
    </ClCompile>
    <ClCompile Include="..\ThirdParty\TinyXML2\tinyxml2.cpp">
      <Filter>ThirdParty\TinyXML</Filter>
    </ClCompile>
    <ClCompile Include="..\ThirdParty\ImGui\imgui.cpp">
      <Filter>ThirdParty\ImGui</Filter>
    </ClCompile>
    <ClCompile Include="..\ThirdParty\ImGui\imgui_impl_dx11.cpp">
      <Filter>ThirdParty\ImGui</Filter>
    </ClCompile>
    <ClCompile Include="..\ThirdParty\ImGui\imgui_impl_win32.cpp">
      <Filter>ThirdParty\ImGui</Filter>
    </ClCompile>
    <ClCompile Include="..\ThirdParty\ImGui\imgui_tables.cpp">
      <Filter>ThirdParty\ImGui</Filter>
    </ClCompile>
    <ClCompile Include="..\ThirdParty\ImGui\imgui_widgets.cpp">
      <Filter>ThirdParty\ImGui</Filter>
    </ClCompile>
    <ClCompile Include="..\ThirdParty\ImGui\imgui_demo.cpp">
      <Filter>ThirdParty\ImGui</Filter>
    </ClCompile>
    <ClCompile Include="..\ThirdParty\ImGui\imgui_draw.cpp">
      <Filter>ThirdParty\ImGui</Filter>
    </ClCompile>
    <ClCompile Include="Net\NetSystem.cpp">
      <Filter>Net</Filter>
    </ClCompile>
    <ClCompile Include="Renderer\UnorderedAccessView.cpp">
      <Filter>Renderer</Filter>
    </ClCompile>
    <ClCompile Include="Renderer\ResourceView.cpp">
      <Filter>Renderer</Filter>
    </ClCompile>
    <ClCompile Include="Renderer\StructuredBuffer.cpp">
      <Filter>Renderer</Filter>
    </ClCompile>
    <ClCompile Include="Renderer\Material.cpp">
      <Filter>Renderer</Filter>
    </ClCompile>
    <ClCompile Include="Math\ConvexHull2D.cpp">
      <Filter>Math</Filter>
    </ClCompile>
    <ClCompile Include="Math\ConvexPoly2D.cpp">
      <Filter>Math</Filter>
    </ClCompile>
    <ClCompile Include="Math\Plane2D.cpp">
      <Filter>Math</Filter>
    </ClCompile>
    <ClCompile Include="Renderer\Voxelization.cpp">
      <Filter>Renderer</Filter>
    </ClCompile>
    <ClCompile Include="Core\BufferParser.cpp">
      <Filter>Core</Filter>
    </ClCompile>
    <ClCompile Include="Core\BufferWriter.cpp">
      <Filter>Core</Filter>
    </ClCompile>
    <ClCompile Include="Core\BufferUtils.cpp">
      <Filter>Core</Filter>
    </ClCompile>
    <ClCompile Include="Core\NamedProperties.cpp">
      <Filter>Core</Filter>
    </ClCompile>
    <ClCompile Include="Core\HashedCaseInsensitiveString.cpp">
      <Filter>Core</Filter>
    </ClCompile>
    <ClCompile Include="Renderer\ShaderManager.cpp">
      <Filter>Renderer</Filter>
    </ClCompile>
    <ClCompile Include="Renderer\ShaderDefinition.cpp">
      <Filter>Renderer</Filter>
    </ClCompile>
    <ClCompile Include="Renderer\SRTEditor.cpp">
      <Filter>Renderer</Filter>
    </ClCompile>
  </ItemGroup>
  <ItemGroup>
    <ClInclude Include="Math\Vec2.hpp">
      <Filter>Math</Filter>
    </ClInclude>
    <ClInclude Include="Renderer\Camera.hpp">
      <Filter>Renderer</Filter>
    </ClInclude>
    <ClInclude Include="Renderer\Renderer.hpp">
      <Filter>Renderer</Filter>
    </ClInclude>
    <ClInclude Include="Math\Vec3.hpp">
      <Filter>Math</Filter>
    </ClInclude>
    <ClInclude Include="Core\Rgba8.hpp">
      <Filter>Core</Filter>
    </ClInclude>
    <ClInclude Include="Core\Vertex_PCU.hpp">
      <Filter>Core</Filter>
    </ClInclude>
    <ClInclude Include="Math\AABB2.hpp">
      <Filter>Math</Filter>
    </ClInclude>
    <ClInclude Include="Math\IntVec2.hpp">
      <Filter>Math</Filter>
    </ClInclude>
    <ClInclude Include="Math\MathUtils.hpp">
      <Filter>Math</Filter>
    </ClInclude>
    <ClInclude Include="Math\RandomNumberGenerator.hpp">
      <Filter>Math</Filter>
    </ClInclude>
    <ClInclude Include="Input\AnalogJoystick.hpp">
      <Filter>InputSystem</Filter>
    </ClInclude>
    <ClInclude Include="Input\InputSystem.hpp">
      <Filter>InputSystem</Filter>
    </ClInclude>
    <ClInclude Include="Input\KeyButtonState.hpp">
      <Filter>InputSystem</Filter>
    </ClInclude>
    <ClInclude Include="Input\XboxController.hpp">
      <Filter>InputSystem</Filter>
    </ClInclude>
    <ClInclude Include="Core\ErrorWarningAssert.hpp">
      <Filter>Core</Filter>
    </ClInclude>
    <ClInclude Include="Core\StringUtils.hpp">
      <Filter>Core</Filter>
    </ClInclude>
    <ClInclude Include="Core\Time.hpp">
      <Filter>Core</Filter>
    </ClInclude>
    <ClInclude Include="Core\VertexUtils.hpp">
      <Filter>Core</Filter>
    </ClInclude>
    <ClInclude Include="Audio\AudioSystem.hpp">
      <Filter>Audio</Filter>
    </ClInclude>
    <ClInclude Include="Math\AABB3.hpp">
      <Filter>Math</Filter>
    </ClInclude>
    <ClInclude Include="Math\Capsule2.hpp">
      <Filter>Math</Filter>
    </ClInclude>
    <ClInclude Include="Math\CubicBezierCurve2D.hpp">
      <Filter>Math</Filter>
    </ClInclude>
    <ClInclude Include="Math\EulerAngles.hpp">
      <Filter>Math</Filter>
    </ClInclude>
    <ClInclude Include="Core\Clock.hpp">
      <Filter>Core</Filter>
    </ClInclude>
    <ClInclude Include="Renderer\BitmapFont.hpp">
      <Filter>Renderer</Filter>
    </ClInclude>
    <ClInclude Include="Renderer\ConstantBuffer.hpp">
      <Filter>Renderer</Filter>
    </ClInclude>
    <ClInclude Include="Core\DebugRenderSystem.hpp">
      <Filter>Core</Filter>
    </ClInclude>
    <ClInclude Include="Core\DevConsole.hpp">
      <Filter>Core</Filter>
    </ClInclude>
    <ClInclude Include="Core\FileUtils.hpp">
      <Filter>Core</Filter>
    </ClInclude>
    <ClInclude Include="Renderer\DefaultShader.hpp">
      <Filter>Renderer</Filter>
    </ClInclude>
    <ClInclude Include="Math\FloatRange.hpp">
      <Filter>Math</Filter>
    </ClInclude>
    <ClInclude Include="Core\Image.hpp">
      <Filter>Core</Filter>
    </ClInclude>
    <ClInclude Include="Core\EventSystem.hpp">
      <Filter>Core</Filter>
    </ClInclude>
    <ClInclude Include="Core\HeatMaps.hpp">
      <Filter>Core</Filter>
    </ClInclude>
    <ClInclude Include="Renderer\IndexBuffer.hpp">
      <Filter>Renderer</Filter>
    </ClInclude>
    <ClInclude Include="Math\IntRange.hpp">
      <Filter>Math</Filter>
    </ClInclude>
    <ClInclude Include="Math\IntVec3.hpp">
      <Filter>Math</Filter>
    </ClInclude>
    <ClInclude Include="Math\LineSegment2.hpp">
      <Filter>Math</Filter>
    </ClInclude>
    <ClInclude Include="Math\Mat44.hpp">
      <Filter>Math</Filter>
    </ClInclude>
    <ClInclude Include="Math\OBB2.hpp">
      <Filter>Math</Filter>
    </ClInclude>
    <ClInclude Include="Math\RawNoise.hpp">
      <Filter>Math</Filter>
    </ClInclude>
    <ClInclude Include="Math\RaycastResult2D.hpp">
      <Filter>Math</Filter>
    </ClInclude>
    <ClInclude Include="Math\SmoothNoise.hpp">
      <Filter>Math</Filter>
    </ClInclude>
    <ClInclude Include="Math\Vec4.hpp">
      <Filter>Math</Filter>
    </ClInclude>
    <ClInclude Include="Core\NamedStrings.hpp">
      <Filter>Core</Filter>
    </ClInclude>
    <ClInclude Include="Core\JobSystem.hpp">
      <Filter>Core</Filter>
    </ClInclude>
    <ClInclude Include="Core\Job.hpp">
      <Filter>Core</Filter>
    </ClInclude>
    <ClInclude Include="Core\EngineCommon.hpp">
      <Filter>Core</Filter>
    </ClInclude>
    <ClInclude Include="Renderer\Shader.hpp">
      <Filter>Renderer</Filter>
    </ClInclude>
    <ClInclude Include="Renderer\SimpleTriangleFont.hpp">
      <Filter>Core</Filter>
    </ClInclude>
    <ClInclude Include="Renderer\SpriteAnimDefinition.hpp">
      <Filter>Renderer</Filter>
    </ClInclude>
    <ClInclude Include="Renderer\SpriteDefinition.hpp">
      <Filter>Renderer</Filter>
    </ClInclude>
    <ClInclude Include="Renderer\SpriteSheet.hpp">
      <Filter>Renderer</Filter>
    </ClInclude>
    <ClInclude Include="Core\Vertex_PNCU.hpp">
      <Filter>Core</Filter>
    </ClInclude>
    <ClInclude Include="Core\XmlUtils.hpp">
      <Filter>Core</Filter>
    </ClInclude>
    <ClInclude Include="Core\STLUtils.hpp">
      <Filter>Core</Filter>
    </ClInclude>
    <ClInclude Include="Renderer\Texture.hpp">
      <Filter>Renderer</Filter>
    </ClInclude>
    <ClInclude Include="Core\Stopwatch.hpp">
      <Filter>Core</Filter>
    </ClInclude>
    <ClInclude Include="Renderer\Window.hpp">
      <Filter>Renderer</Filter>
    </ClInclude>
    <ClInclude Include="Renderer\VertexBuffer.hpp">
      <Filter>Renderer</Filter>
    </ClInclude>
    <ClInclude Include="UI\Button.hpp">
      <Filter>UI</Filter>
    </ClInclude>
    <ClInclude Include="Physics\Rigidbody.hpp">
      <Filter>Physics</Filter>
    </ClInclude>
    <ClInclude Include="Core\OBJLoader.hpp">
      <Filter>Core</Filter>
    </ClInclude>
    <ClInclude Include="Renderer\GPUMesh.hpp">
      <Filter>Renderer</Filter>
    </ClInclude>
    <ClInclude Include="Renderer\CPUMesh.hpp">
      <Filter>Renderer</Filter>
    </ClInclude>
    <ClInclude Include="UI\ImGuiBase.hpp">
      <Filter>UI</Filter>
    </ClInclude>
    <ClInclude Include="..\ThirdParty\fmod\fmod.h">
      <Filter>ThirdParty\FMod</Filter>
    </ClInclude>
    <ClInclude Include="..\ThirdParty\fmod\fmod.hpp">
      <Filter>ThirdParty\FMod</Filter>
    </ClInclude>
    <ClInclude Include="..\ThirdParty\fmod\fmod_codec.h">
      <Filter>ThirdParty\FMod</Filter>
    </ClInclude>
    <ClInclude Include="..\ThirdParty\fmod\fmod_common.h">
      <Filter>ThirdParty\FMod</Filter>
    </ClInclude>
    <ClInclude Include="..\ThirdParty\fmod\fmod_dsp.h">
      <Filter>ThirdParty\FMod</Filter>
    </ClInclude>
    <ClInclude Include="..\ThirdParty\fmod\fmod_dsp_effects.h">
      <Filter>ThirdParty\FMod</Filter>
    </ClInclude>
    <ClInclude Include="..\ThirdParty\fmod\fmod_errors.h">
      <Filter>ThirdParty\FMod</Filter>
    </ClInclude>
    <ClInclude Include="..\ThirdParty\fmod\fmod_output.h">
      <Filter>ThirdParty\FMod</Filter>
    </ClInclude>
    <ClInclude Include="..\ThirdParty\stb\stb_image.h">
      <Filter>ThirdParty\stb</Filter>
    </ClInclude>
    <ClInclude Include="..\ThirdParty\TinyXML2\tinyxml2.h">
      <Filter>ThirdParty\TinyXML</Filter>
    </ClInclude>
    <ClInclude Include="..\ThirdParty\ImGui\imgui.h">
      <Filter>ThirdParty\ImGui</Filter>
    </ClInclude>
    <ClInclude Include="..\ThirdParty\ImGui\imgui_impl_dx11.h">
      <Filter>ThirdParty\ImGui</Filter>
    </ClInclude>
    <ClInclude Include="..\ThirdParty\ImGui\imgui_impl_win32.h">
      <Filter>ThirdParty\ImGui</Filter>
    </ClInclude>
    <ClInclude Include="..\ThirdParty\ImGui\imconfig.h">
      <Filter>ThirdParty\ImGui</Filter>
    </ClInclude>
    <ClInclude Include="..\ThirdParty\ImGui\imgui_internal.h">
      <Filter>ThirdParty\ImGui</Filter>
    </ClInclude>
    <ClInclude Include="..\ThirdParty\ImGui\imstb_rectpack.h">
      <Filter>ThirdParty\ImGui</Filter>
    </ClInclude>
    <ClInclude Include="..\ThirdParty\ImGui\imstb_textedit.h">
      <Filter>ThirdParty\ImGui</Filter>
    </ClInclude>
    <ClInclude Include="..\ThirdParty\ImGui\imstb_truetype.h">
      <Filter>ThirdParty\ImGui</Filter>
    </ClInclude>
    <ClInclude Include="Net\NetSystem.hpp">
      <Filter>Net</Filter>
    </ClInclude>
    <ClInclude Include="Renderer\UnorderedAccessView.hpp">
      <Filter>Renderer</Filter>
    </ClInclude>
    <ClInclude Include="Renderer\ResourceView.hpp">
      <Filter>Renderer</Filter>
    </ClInclude>
    <ClInclude Include="Renderer\StructuredBuffer.hpp">
      <Filter>Renderer</Filter>
    </ClInclude>
    <ClInclude Include="Renderer\Material.hpp">
      <Filter>Renderer</Filter>
    </ClInclude>
    <ClInclude Include="Math\ConvexHull2D.hpp">
      <Filter>Math</Filter>
    </ClInclude>
    <ClInclude Include="Math\ConvexPoly2D.hpp">
      <Filter>Math</Filter>
    </ClInclude>
    <ClInclude Include="Math\Plane2D.hpp">
      <Filter>Math</Filter>
    </ClInclude>
    <ClInclude Include="Renderer\Voxelization.hpp">
      <Filter>Renderer</Filter>
    </ClInclude>
    <ClInclude Include="Core\BufferParser.hpp">
      <Filter>Core</Filter>
    </ClInclude>
    <ClInclude Include="Core\BufferWriter.hpp">
      <Filter>Core</Filter>
    </ClInclude>
    <ClInclude Include="Core\BufferUtils.hpp">
      <Filter>Core</Filter>
    </ClInclude>
    <ClInclude Include="Core\NamedProperties.hpp">
      <Filter>Core</Filter>
    </ClInclude>
    <ClInclude Include="Core\HashedCaseInsensitiveString.hpp">
      <Filter>Core</Filter>
    </ClInclude>
    <ClInclude Include="Renderer\ShaderManager.hpp">
      <Filter>Renderer</Filter>
    </ClInclude>
    <ClInclude Include="Renderer\ShaderDefinition.hpp">
      <Filter>Renderer</Filter>
    </ClInclude>
    <ClInclude Include="Renderer\SRTEditor.hpp">
      <Filter>Renderer</Filter>
    </ClInclude>
  </ItemGroup>
  <ItemGroup>
    <FxCompile Include="Shaders\AuroraVignette.hlsl">
      <Filter>Shaders</Filter>
    </FxCompile>
    <FxCompile Include="Shaders\CopyToDefaultTargetView.hlsl">
      <Filter>Shaders</Filter>
    </FxCompile>
    <FxCompile Include="Shaders\GlitchAnalogNoise.hlsl">
      <Filter>Shaders</Filter>
    </FxCompile>
    <FxCompile Include="Shaders\GlitchImageBlock.hlsl">
      <Filter>Shaders</Filter>
    </FxCompile>
    <FxCompile Include="Shaders\GlitchRGBSplit.hlsl">
      <Filter>Shaders</Filter>
    </FxCompile>
    <FxCompile Include="Shaders\Kuwahara.hlsl">
      <Filter>Shaders</Filter>
    </FxCompile>
    <FxCompile Include="Shaders\PixelizeHexagonGrid.hlsl">
      <Filter>Shaders</Filter>
    </FxCompile>
    <FxCompile Include="Shaders\PixelizeLeaf.hlsl">
      <Filter>Shaders</Filter>
    </FxCompile>
  </ItemGroup>
  <ItemGroup>
    <Xml Include="Shaders\ShaderDefinitions.default.xml">
      <Filter>Shaders</Filter>
    </Xml>
  </ItemGroup>
</Project>